
Microsoft Visual Studio Solution File, Format Version 12.00
# Visual Studio Version 17
VisualStudioVersion = 17.3.32825.248
MinimumVisualStudioVersion = 10.0.40219.1
Project("{FAE04EC0-301F-11D3-BF4B-00C04F79EFBC}") = "Week2", "Week2\Week2.csproj", "{E8214A82-96D7-4657-BF1C-7549C5729045}"
EndProject
Project("{FAE04EC0-301F-11D3-BF4B-00C04F79EFBC}") = "UserGenderValidation", "UserAgeValidation\UserGenderValidation.csproj", "{BA297378-5011-4FD9-AE12-1B01529D67C8}"
EndProject
Project("{FAE04EC0-301F-11D3-BF4B-00C04F79EFBC}") = "UserAgeValidation1", "UserAgeValidation1\UserAgeValidation1.csproj", "{E6E9BDDA-B162-4060-9635-64DDCF73C400}"
EndProject
Global
	GlobalSection(SolutionConfigurationPlatforms) = preSolution
		Debug|Any CPU = Debug|Any CPU
		Release|Any CPU = Release|Any CPU
	EndGlobalSection
	GlobalSection(ProjectConfigurationPlatforms) = postSolution
		{E8214A82-96D7-4657-BF1C-7549C5729045}.Debug|Any CPU.ActiveCfg = Debug|Any CPU
		{E8214A82-96D7-4657-BF1C-7549C5729045}.Debug|Any CPU.Build.0 = Debug|Any CPU
		{E8214A82-96D7-4657-BF1C-7549C5729045}.Release|Any CPU.ActiveCfg = Release|Any CPU
		{E8214A82-96D7-4657-BF1C-7549C5729045}.Release|Any CPU.Build.0 = Release|Any CPU
		{BA297378-5011-4FD9-AE12-1B01529D67C8}.Debug|Any CPU.ActiveCfg = Debug|Any CPU
		{BA297378-5011-4FD9-AE12-1B01529D67C8}.Debug|Any CPU.Build.0 = Debug|Any CPU
		{BA297378-5011-4FD9-AE12-1B01529D67C8}.Release|Any CPU.ActiveCfg = Release|Any CPU
		{BA297378-5011-4FD9-AE12-1B01529D67C8}.Release|Any CPU.Build.0 = Release|Any CPU
		{E6E9BDDA-B162-4060-9635-64DDCF73C400}.Debug|Any CPU.ActiveCfg = Debug|Any CPU
		{E6E9BDDA-B162-4060-9635-64DDCF73C400}.Debug|Any CPU.Build.0 = Debug|Any CPU
		{E6E9BDDA-B162-4060-9635-64DDCF73C400}.Release|Any CPU.ActiveCfg = Release|Any CPU
		{E6E9BDDA-B162-4060-9635-64DDCF73C400}.Release|Any CPU.Build.0 = Release|Any CPU
	EndGlobalSection
	GlobalSection(SolutionProperties) = preSolution
		HideSolutionNode = FALSE
	EndGlobalSection
	GlobalSection(ExtensibilityGlobals) = postSolution
		SolutionGuid = {4EC63726-E15B-4FCA-81F3-1FE51D152623}
	EndGlobalSection
EndGlobal
